
Microsoft Visual Studio Solution File, Format Version 12.00
# Visual Studio Version 17
VisualStudioVersion = 17.0.31903.59
MinimumVisualStudioVersion = 10.0.40219.1
Project("{2150E333-8FDC-42A3-9474-1A3956D46DE8}") = "src", "src", "{827E0CD3-B72D-47B6-A68D-7590B98EB39B}"
EndProject
Project("{2150E333-8FDC-42A3-9474-1A3956D46DE8}") = "BuildingBlocks", "BuildingBlocks", "{90298CBA-BD6F-3A0A-69D5-97CAD7B05E7E}"
EndProject
Project("{FAE04EC0-301F-11D3-BF4B-00C04F79EFBC}") = "Forterro.BuildingBlocks", "src\BuildingBlocks\Forterro.BuildingBlocks\Forterro.BuildingBlocks.csproj", "{06153566-148C-44C2-BA42-93DF4964604A}"
EndProject
Project("{2150E333-8FDC-42A3-9474-1A3956D46DE8}") = "Contracts", "Contracts", "{FFBE31B8-50B9-B415-22BC-2F92C97CADA3}"
EndProject
Project("{FAE04EC0-301F-11D3-BF4B-00C04F79EFBC}") = "Forterro.Contracts", "src\Contracts\Forterro.Contracts\Forterro.Contracts.csproj", "{AFD86E03-BD6E-4770-9AE5-C7A274479629}"
EndProject
Project("{FAE04EC0-301F-11D3-BF4B-00C04F79EFBC}") = "Forterro.Invoicing.Api", "src\Services\Invoicing\Forterro.Invoicing.Api\Forterro.Invoicing.Api.csproj", "{0FAFE277-0FC2-4373-B1FF-768770AAC67E}"
EndProject
Project("{2150E333-8FDC-42A3-9474-1A3956D46DE8}") = "Services", "Services", "{984BB9B3-3FA3-BE33-9484-CAC21695A33C}"
EndProject
Project("{2150E333-8FDC-42A3-9474-1A3956D46DE8}") = "OpenBanking", "OpenBanking", "{DF0AD99B-1A48-4EBB-66B4-4B1BAC47D226}"
EndProject
Project("{FAE04EC0-301F-11D3-BF4B-00C04F79EFBC}") = "Forterro.OpenBanking.Api", "src\Services\OpenBanking\Forterro.OpenBanking.Api\Forterro.OpenBanking.Api.csproj", "{BA65F97F-4B81-4222-9C44-1FA6AF4BF54C}"
EndProject
Project("{2150E333-8FDC-42A3-9474-1A3956D46DE8}") = "Payments", "Payments", "{5D0AC027-C8EE-3244-A029-36278C99F1B8}"
EndProject
Project("{FAE04EC0-301F-11D3-BF4B-00C04F79EFBC}") = "Forterro.Payments.Worker", "src\Services\Payments\Forterro.Payments.Worker\Forterro.Payments.Worker.csproj", "{6D0215F5-13EC-4329-A877-86A1408D3831}"
EndProject
Project("{2150E333-8FDC-42A3-9474-1A3956D46DE8}") = "tests", "tests", "{0AB3BF05-4346-4AA6-1389-037BE0695223}"
EndProject
Project("{FAE04EC0-301F-11D3-BF4B-00C04F79EFBC}") = "Forterro.BuildingBlocks.Tests", "tests\Forterro.BuildingBlocks.Tests\Forterro.BuildingBlocks.Tests.csproj", "{C71ABA54-BA43-433F-AC24-7C1F0558EB49}"
EndProject
Project("{FAE04EC0-301F-11D3-BF4B-00C04F79EFBC}") = "Forterro.Invoicing.Tests", "tests\Forterro.Invoicing.Tests\Forterro.Invoicing.Tests.csproj", "{C593D93E-2421-4567-9549-ED57C776D525}"
EndProject
Project("{FAE04EC0-301F-11D3-BF4B-00C04F79EFBC}") = "Forterro.Payments.Tests", "tests\Forterro.Payments.Tests\Forterro.Payments.Tests.csproj", "{E83F60F4-5953-4E79-B016-3CA556763D95}"
EndProject
Project("{2150E333-8FDC-42A3-9474-1A3956D46DE8}") = "Gateway", "Gateway", "{6306A8FB-679E-111F-6585-8F70E0EE6013}"
EndProject
Project("{FAE04EC0-301F-11D3-BF4B-00C04F79EFBC}") = "Forterro.Bff", "src\Gateway\Forterro.Bff\Forterro.Bff.csproj", "{D6DDB126-DFCA-4BFF-BB02-BE58842ADBC6}"
EndProject
Project("{FAE04EC0-301F-11D3-BF4B-00C04F79EFBC}") = "Forterro.Bff.Tests", "tests\Forterro.Bff.Tests\Forterro.Bff.Tests.csproj", "{DF9493B9-42B7-4188-8611-64738834C053}"
EndProject
Project("{FAE04EC0-301F-11D3-BF4B-00C04F79EFBC}") = "Forterro.Messaging.Abstractions", "src\BuildingBlocks\Forterro.Messaging.Abstractions\Forterro.Messaging.Abstractions.csproj", "{FC001968-48D2-4387-B6C0-3DE4CC91154B}"
EndProject
Project("{FAE04EC0-301F-11D3-BF4B-00C04F79EFBC}") = "Forterro.Banking", "src\BuildingBlocks\Forterro.Banking\Forterro.Banking.csproj", "{76CE6CDD-7C44-4AD7-96C8-99F2F5E5564C}"
EndProject
Project("{FAE04EC0-301F-11D3-BF4B-00C04F79EFBC}") = "Forterro.Diagnostics", "src\BuildingBlocks\Forterro.Diagnostics\Forterro.Diagnostics.csproj", "{676D64C4-2987-4846-B6C6-D96A1A19BD67}"
EndProject
Project("{FAE04EC0-301F-11D3-BF4B-00C04F79EFBC}") = "Forterro.Messaging.Kafka", "src\BuildingBlocks\Forterro.Messaging.Kafka\Forterro.Messaging.Kafka.csproj", "{2BAA829D-8BB1-4F39-B5A7-39EC6EFA13F2}"
EndProject
Project("{FAE04EC0-301F-11D3-BF4B-00C04F79EFBC}") = "Forterro.Outbox.EntityFrameworkCore", "src\BuildingBlocks\Forterro.Outbox.EntityFrameworkCore\Forterro.Outbox.EntityFrameworkCore.csproj", "{EC828AAF-636A-4AD9-9220-1B161E808713}"
EndProject
Project("{FAE04EC0-301F-11D3-BF4B-00C04F79EFBC}") = "Forterro.Intelligence.Api", "src\Services\Intelligence\Forterro.Intelligence.Api\Forterro.Intelligence.Api.csproj", "{AF132CAD-658C-444E-8B48-1EA2D14EB2A4}"
EndProject
Project("{FAE04EC0-301F-11D3-BF4B-00C04F79EFBC}") = "Forterro.Intelligence.Tests", "tests\Forterro.Intelligence.Tests\Forterro.Intelligence.Tests.csproj", "{85F74C39-3BA3-42B5-92BC-2633D0DC802E}"
EndProject
Global
	GlobalSection(SolutionConfigurationPlatforms) = preSolution
		Debug|Any CPU = Debug|Any CPU
		Debug|x64 = Debug|x64
		Debug|x86 = Debug|x86
		Release|Any CPU = Release|Any CPU
		Release|x64 = Release|x64
		Release|x86 = Release|x86
	EndGlobalSection
	GlobalSection(ProjectConfigurationPlatforms) = postSolution
		{06153566-148C-44C2-BA42-93DF4964604A}.Debug|Any CPU.ActiveCfg = Debug|Any CPU
		{06153566-148C-44C2-BA42-93DF4964604A}.Debug|Any CPU.Build.0 = Debug|Any CPU
		{06153566-148C-44C2-BA42-93DF4964604A}.Debug|x64.ActiveCfg = Debug|Any CPU
		{06153566-148C-44C2-BA42-93DF4964604A}.Debug|x64.Build.0 = Debug|Any CPU
		{06153566-148C-44C2-BA42-93DF4964604A}.Debug|x86.ActiveCfg = Debug|Any CPU
		{06153566-148C-44C2-BA42-93DF4964604A}.Debug|x86.Build.0 = Debug|Any CPU
		{06153566-148C-44C2-BA42-93DF4964604A}.Release|Any CPU.ActiveCfg = Release|Any CPU
		{06153566-148C-44C2-BA42-93DF4964604A}.Release|Any CPU.Build.0 = Release|Any CPU
		{06153566-148C-44C2-BA42-93DF4964604A}.Release|x64.ActiveCfg = Release|Any CPU
		{06153566-148C-44C2-BA42-93DF4964604A}.Release|x64.Build.0 = Release|Any CPU
		{06153566-148C-44C2-BA42-93DF4964604A}.Release|x86.ActiveCfg = Release|Any CPU
		{06153566-148C-44C2-BA42-93DF4964604A}.Release|x86.Build.0 = Release|Any CPU
		{AFD86E03-BD6E-4770-9AE5-C7A274479629}.Debug|Any CPU.ActiveCfg = Debug|Any CPU
		{AFD86E03-BD6E-4770-9AE5-C7A274479629}.Debug|Any CPU.Build.0 = Debug|Any CPU
		{AFD86E03-BD6E-4770-9AE5-C7A274479629}.Debug|x64.ActiveCfg = Debug|Any CPU
		{AFD86E03-BD6E-4770-9AE5-C7A274479629}.Debug|x64.Build.0 = Debug|Any CPU
		{AFD86E03-BD6E-4770-9AE5-C7A274479629}.Debug|x86.ActiveCfg = Debug|Any CPU
		{AFD86E03-BD6E-4770-9AE5-C7A274479629}.Debug|x86.Build.0 = Debug|Any CPU
		{AFD86E03-BD6E-4770-9AE5-C7A274479629}.Release|Any CPU.ActiveCfg = Release|Any CPU
		{AFD86E03-BD6E-4770-9AE5-C7A274479629}.Release|Any CPU.Build.0 = Release|Any CPU
		{AFD86E03-BD6E-4770-9AE5-C7A274479629}.Release|x64.ActiveCfg = Release|Any CPU
		{AFD86E03-BD6E-4770-9AE5-C7A274479629}.Release|x64.Build.0 = Release|Any CPU
		{AFD86E03-BD6E-4770-9AE5-C7A274479629}.Release|x86.ActiveCfg = Release|Any CPU
		{AFD86E03-BD6E-4770-9AE5-C7A274479629}.Release|x86.Build.0 = Release|Any CPU
		{0FAFE277-0FC2-4373-B1FF-768770AAC67E}.Debug|Any CPU.ActiveCfg = Debug|Any CPU
		{0FAFE277-0FC2-4373-B1FF-768770AAC67E}.Debug|Any CPU.Build.0 = Debug|Any CPU
		{0FAFE277-0FC2-4373-B1FF-768770AAC67E}.Debug|x64.ActiveCfg = Debug|Any CPU
		{0FAFE277-0FC2-4373-B1FF-768770AAC67E}.Debug|x64.Build.0 = Debug|Any CPU
		{0FAFE277-0FC2-4373-B1FF-768770AAC67E}.Debug|x86.ActiveCfg = Debug|Any CPU
		{0FAFE277-0FC2-4373-B1FF-768770AAC67E}.Debug|x86.Build.0 = Debug|Any CPU
		{0FAFE277-0FC2-4373-B1FF-768770AAC67E}.Release|Any CPU.ActiveCfg = Release|Any CPU
		{0FAFE277-0FC2-4373-B1FF-768770AAC67E}.Release|Any CPU.Build.0 = Release|Any CPU
		{0FAFE277-0FC2-4373-B1FF-768770AAC67E}.Release|x64.ActiveCfg = Release|Any CPU
		{0FAFE277-0FC2-4373-B1FF-768770AAC67E}.Release|x64.Build.0 = Release|Any CPU
		{0FAFE277-0FC2-4373-B1FF-768770AAC67E}.Release|x86.ActiveCfg = Release|Any CPU
		{0FAFE277-0FC2-4373-B1FF-768770AAC67E}.Release|x86.Build.0 = Release|Any CPU
		{BA65F97F-4B81-4222-9C44-1FA6AF4BF54C}.Debug|Any CPU.ActiveCfg = Debug|Any CPU
		{BA65F97F-4B81-4222-9C44-1FA6AF4BF54C}.Debug|Any CPU.Build.0 = Debug|Any CPU
		{BA65F97F-4B81-4222-9C44-1FA6AF4BF54C}.Debug|x64.ActiveCfg = Debug|Any CPU
		{BA65F97F-4B81-4222-9C44-1FA6AF4BF54C}.Debug|x64.Build.0 = Debug|Any CPU
		{BA65F97F-4B81-4222-9C44-1FA6AF4BF54C}.Debug|x86.ActiveCfg = Debug|Any CPU
		{BA65F97F-4B81-4222-9C44-1FA6AF4BF54C}.Debug|x86.Build.0 = Debug|Any CPU
		{BA65F97F-4B81-4222-9C44-1FA6AF4BF54C}.Release|Any CPU.ActiveCfg = Release|Any CPU
		{BA65F97F-4B81-4222-9C44-1FA6AF4BF54C}.Release|Any CPU.Build.0 = Release|Any CPU
		{BA65F97F-4B81-4222-9C44-1FA6AF4BF54C}.Release|x64.ActiveCfg = Release|Any CPU
		{BA65F97F-4B81-4222-9C44-1FA6AF4BF54C}.Release|x64.Build.0 = Release|Any CPU
		{BA65F97F-4B81-4222-9C44-1FA6AF4BF54C}.Release|x86.ActiveCfg = Release|Any CPU
		{BA65F97F-4B81-4222-9C44-1FA6AF4BF54C}.Release|x86.Build.0 = Release|Any CPU
		{6D0215F5-13EC-4329-A877-86A1408D3831}.Debug|Any CPU.ActiveCfg = Debug|Any CPU
		{6D0215F5-13EC-4329-A877-86A1408D3831}.Debug|Any CPU.Build.0 = Debug|Any CPU
		{6D0215F5-13EC-4329-A877-86A1408D3831}.Debug|x64.ActiveCfg = Debug|Any CPU
		{6D0215F5-13EC-4329-A877-86A1408D3831}.Debug|x64.Build.0 = Debug|Any CPU
		{6D0215F5-13EC-4329-A877-86A1408D3831}.Debug|x86.ActiveCfg = Debug|Any CPU
		{6D0215F5-13EC-4329-A877-86A1408D3831}.Debug|x86.Build.0 = Debug|Any CPU
		{6D0215F5-13EC-4329-A877-86A1408D3831}.Release|Any CPU.ActiveCfg = Release|Any CPU
		{6D0215F5-13EC-4329-A877-86A1408D3831}.Release|Any CPU.Build.0 = Release|Any CPU
		{6D0215F5-13EC-4329-A877-86A1408D3831}.Release|x64.ActiveCfg = Release|Any CPU
		{6D0215F5-13EC-4329-A877-86A1408D3831}.Release|x64.Build.0 = Release|Any CPU
		{6D0215F5-13EC-4329-A877-86A1408D3831}.Release|x86.ActiveCfg = Release|Any CPU
		{6D0215F5-13EC-4329-A877-86A1408D3831}.Release|x86.Build.0 = Release|Any CPU
		{C71ABA54-BA43-433F-AC24-7C1F0558EB49}.Debug|Any CPU.ActiveCfg = Debug|Any CPU
		{C71ABA54-BA43-433F-AC24-7C1F0558EB49}.Debug|Any CPU.Build.0 = Debug|Any CPU
		{C71ABA54-BA43-433F-AC24-7C1F0558EB49}.Debug|x64.ActiveCfg = Debug|Any CPU
		{C71ABA54-BA43-433F-AC24-7C1F0558EB49}.Debug|x64.Build.0 = Debug|Any CPU
		{C71ABA54-BA43-433F-AC24-7C1F0558EB49}.Debug|x86.ActiveCfg = Debug|Any CPU
		{C71ABA54-BA43-433F-AC24-7C1F0558EB49}.Debug|x86.Build.0 = Debug|Any CPU
		{C71ABA54-BA43-433F-AC24-7C1F0558EB49}.Release|Any CPU.ActiveCfg = Release|Any CPU
		{C71ABA54-BA43-433F-AC24-7C1F0558EB49}.Release|Any CPU.Build.0 = Release|Any CPU
		{C71ABA54-BA43-433F-AC24-7C1F0558EB49}.Release|x64.ActiveCfg = Release|Any CPU
		{C71ABA54-BA43-433F-AC24-7C1F0558EB49}.Release|x64.Build.0 = Release|Any CPU
		{C71ABA54-BA43-433F-AC24-7C1F0558EB49}.Release|x86.ActiveCfg = Release|Any CPU
		{C71ABA54-BA43-433F-AC24-7C1F0558EB49}.Release|x86.Build.0 = Release|Any CPU
		{C593D93E-2421-4567-9549-ED57C776D525}.Debug|Any CPU.ActiveCfg = Debug|Any CPU
		{C593D93E-2421-4567-9549-ED57C776D525}.Debug|Any CPU.Build.0 = Debug|Any CPU
		{C593D93E-2421-4567-9549-ED57C776D525}.Debug|x64.ActiveCfg = Debug|Any CPU
		{C593D93E-2421-4567-9549-ED57C776D525}.Debug|x64.Build.0 = Debug|Any CPU
		{C593D93E-2421-4567-9549-ED57C776D525}.Debug|x86.ActiveCfg = Debug|Any CPU
		{C593D93E-2421-4567-9549-ED57C776D525}.Debug|x86.Build.0 = Debug|Any CPU
		{C593D93E-2421-4567-9549-ED57C776D525}.Release|Any CPU.ActiveCfg = Release|Any CPU
		{C593D93E-2421-4567-9549-ED57C776D525}.Release|Any CPU.Build.0 = Release|Any CPU
		{C593D93E-2421-4567-9549-ED57C776D525}.Release|x64.ActiveCfg = Release|Any CPU
		{C593D93E-2421-4567-9549-ED57C776D525}.Release|x64.Build.0 = Release|Any CPU
		{C593D93E-2421-4567-9549-ED57C776D525}.Release|x86.ActiveCfg = Release|Any CPU
		{C593D93E-2421-4567-9549-ED57C776D525}.Release|x86.Build.0 = Release|Any CPU
		{E83F60F4-5953-4E79-B016-3CA556763D95}.Debug|Any CPU.ActiveCfg = Debug|Any CPU
		{E83F60F4-5953-4E79-B016-3CA556763D95}.Debug|Any CPU.Build.0 = Debug|Any CPU
		{E83F60F4-5953-4E79-B016-3CA556763D95}.Debug|x64.ActiveCfg = Debug|Any CPU
		{E83F60F4-5953-4E79-B016-3CA556763D95}.Debug|x64.Build.0 = Debug|Any CPU
		{E83F60F4-5953-4E79-B016-3CA556763D95}.Debug|x86.ActiveCfg = Debug|Any CPU
		{E83F60F4-5953-4E79-B016-3CA556763D95}.Debug|x86.Build.0 = Debug|Any CPU
		{E83F60F4-5953-4E79-B016-3CA556763D95}.Release|Any CPU.ActiveCfg = Release|Any CPU
		{E83F60F4-5953-4E79-B016-3CA556763D95}.Release|Any CPU.Build.0 = Release|Any CPU
		{E83F60F4-5953-4E79-B016-3CA556763D95}.Release|x64.ActiveCfg = Release|Any CPU
		{E83F60F4-5953-4E79-B016-3CA556763D95}.Release|x64.Build.0 = Release|Any CPU
		{E83F60F4-5953-4E79-B016-3CA556763D95}.Release|x86.ActiveCfg = Release|Any CPU
		{E83F60F4-5953-4E79-B016-3CA556763D95}.Release|x86.Build.0 = Release|Any CPU
		{D6DDB126-DFCA-4BFF-BB02-BE58842ADBC6}.Debug|Any CPU.ActiveCfg = Debug|Any CPU
		{D6DDB126-DFCA-4BFF-BB02-BE58842ADBC6}.Debug|Any CPU.Build.0 = Debug|Any CPU
		{D6DDB126-DFCA-4BFF-BB02-BE58842ADBC6}.Debug|x64.ActiveCfg = Debug|Any CPU
		{D6DDB126-DFCA-4BFF-BB02-BE58842ADBC6}.Debug|x64.Build.0 = Debug|Any CPU
		{D6DDB126-DFCA-4BFF-BB02-BE58842ADBC6}.Debug|x86.ActiveCfg = Debug|Any CPU
		{D6DDB126-DFCA-4BFF-BB02-BE58842ADBC6}.Debug|x86.Build.0 = Debug|Any CPU
		{D6DDB126-DFCA-4BFF-BB02-BE58842ADBC6}.Release|Any CPU.ActiveCfg = Release|Any CPU
		{D6DDB126-DFCA-4BFF-BB02-BE58842ADBC6}.Release|Any CPU.Build.0 = Release|Any CPU
		{D6DDB126-DFCA-4BFF-BB02-BE58842ADBC6}.Release|x64.ActiveCfg = Release|Any CPU
		{D6DDB126-DFCA-4BFF-BB02-BE58842ADBC6}.Release|x64.Build.0 = Release|Any CPU
		{D6DDB126-DFCA-4BFF-BB02-BE58842ADBC6}.Release|x86.ActiveCfg = Release|Any CPU
		{D6DDB126-DFCA-4BFF-BB02-BE58842ADBC6}.Release|x86.Build.0 = Release|Any CPU
		{DF9493B9-42B7-4188-8611-64738834C053}.Debug|Any CPU.ActiveCfg = Debug|Any CPU
		{DF9493B9-42B7-4188-8611-64738834C053}.Debug|Any CPU.Build.0 = Debug|Any CPU
		{DF9493B9-42B7-4188-8611-64738834C053}.Debug|x64.ActiveCfg = Debug|Any CPU
		{DF9493B9-42B7-4188-8611-64738834C053}.Debug|x64.Build.0 = Debug|Any CPU
		{DF9493B9-42B7-4188-8611-64738834C053}.Debug|x86.ActiveCfg = Debug|Any CPU
		{DF9493B9-42B7-4188-8611-64738834C053}.Debug|x86.Build.0 = Debug|Any CPU
		{DF9493B9-42B7-4188-8611-64738834C053}.Release|Any CPU.ActiveCfg = Release|Any CPU
		{DF9493B9-42B7-4188-8611-64738834C053}.Release|Any CPU.Build.0 = Release|Any CPU
		{DF9493B9-42B7-4188-8611-64738834C053}.Release|x64.ActiveCfg = Release|Any CPU
		{DF9493B9-42B7-4188-8611-64738834C053}.Release|x64.Build.0 = Release|Any CPU
		{DF9493B9-42B7-4188-8611-64738834C053}.Release|x86.ActiveCfg = Release|Any CPU
		{DF9493B9-42B7-4188-8611-64738834C053}.Release|x86.Build.0 = Release|Any CPU
		{FC001968-48D2-4387-B6C0-3DE4CC91154B}.Debug|Any CPU.ActiveCfg = Debug|Any CPU
		{FC001968-48D2-4387-B6C0-3DE4CC91154B}.Debug|Any CPU.Build.0 = Debug|Any CPU
		{FC001968-48D2-4387-B6C0-3DE4CC91154B}.Debug|x64.ActiveCfg = Debug|Any CPU
		{FC001968-48D2-4387-B6C0-3DE4CC91154B}.Debug|x64.Build.0 = Debug|Any CPU
		{FC001968-48D2-4387-B6C0-3DE4CC91154B}.Debug|x86.ActiveCfg = Debug|Any CPU
		{FC001968-48D2-4387-B6C0-3DE4CC91154B}.Debug|x86.Build.0 = Debug|Any CPU
		{FC001968-48D2-4387-B6C0-3DE4CC91154B}.Release|Any CPU.ActiveCfg = Release|Any CPU
		{FC001968-48D2-4387-B6C0-3DE4CC91154B}.Release|Any CPU.Build.0 = Release|Any CPU
		{FC001968-48D2-4387-B6C0-3DE4CC91154B}.Release|x64.ActiveCfg = Release|Any CPU
		{FC001968-48D2-4387-B6C0-3DE4CC91154B}.Release|x64.Build.0 = Release|Any CPU
		{FC001968-48D2-4387-B6C0-3DE4CC91154B}.Release|x86.ActiveCfg = Release|Any CPU
		{FC001968-48D2-4387-B6C0-3DE4CC91154B}.Release|x86.Build.0 = Release|Any CPU
		{76CE6CDD-7C44-4AD7-96C8-99F2F5E5564C}.Debug|Any CPU.ActiveCfg = Debug|Any CPU
		{76CE6CDD-7C44-4AD7-96C8-99F2F5E5564C}.Debug|Any CPU.Build.0 = Debug|Any CPU
		{76CE6CDD-7C44-4AD7-96C8-99F2F5E5564C}.Debug|x64.ActiveCfg = Debug|Any CPU
		{76CE6CDD-7C44-4AD7-96C8-99F2F5E5564C}.Debug|x64.Build.0 = Debug|Any CPU
		{76CE6CDD-7C44-4AD7-96C8-99F2F5E5564C}.Debug|x86.ActiveCfg = Debug|Any CPU
		{76CE6CDD-7C44-4AD7-96C8-99F2F5E5564C}.Debug|x86.Build.0 = Debug|Any CPU
		{76CE6CDD-7C44-4AD7-96C8-99F2F5E5564C}.Release|Any CPU.ActiveCfg = Release|Any CPU
		{76CE6CDD-7C44-4AD7-96C8-99F2F5E5564C}.Release|Any CPU.Build.0 = Release|Any CPU
		{76CE6CDD-7C44-4AD7-96C8-99F2F5E5564C}.Release|x64.ActiveCfg = Release|Any CPU
		{76CE6CDD-7C44-4AD7-96C8-99F2F5E5564C}.Release|x64.Build.0 = Release|Any CPU
		{76CE6CDD-7C44-4AD7-96C8-99F2F5E5564C}.Release|x86.ActiveCfg = Release|Any CPU
		{76CE6CDD-7C44-4AD7-96C8-99F2F5E5564C}.Release|x86.Build.0 = Release|Any CPU
		{676D64C4-2987-4846-B6C6-D96A1A19BD67}.Debug|Any CPU.ActiveCfg = Debug|Any CPU
		{676D64C4-2987-4846-B6C6-D96A1A19BD67}.Debug|Any CPU.Build.0 = Debug|Any CPU
		{676D64C4-2987-4846-B6C6-D96A1A19BD67}.Debug|x64.ActiveCfg = Debug|Any CPU
		{676D64C4-2987-4846-B6C6-D96A1A19BD67}.Debug|x64.Build.0 = Debug|Any CPU
		{676D64C4-2987-4846-B6C6-D96A1A19BD67}.Debug|x86.ActiveCfg = Debug|Any CPU
		{676D64C4-2987-4846-B6C6-D96A1A19BD67}.Debug|x86.Build.0 = Debug|Any CPU
		{676D64C4-2987-4846-B6C6-D96A1A19BD67}.Release|Any CPU.ActiveCfg = Release|Any CPU
		{676D64C4-2987-4846-B6C6-D96A1A19BD67}.Release|Any CPU.Build.0 = Release|Any CPU
		{676D64C4-2987-4846-B6C6-D96A1A19BD67}.Release|x64.ActiveCfg = Release|Any CPU
		{676D64C4-2987-4846-B6C6-D96A1A19BD67}.Release|x64.Build.0 = Release|Any CPU
		{676D64C4-2987-4846-B6C6-D96A1A19BD67}.Release|x86.ActiveCfg = Release|Any CPU
		{676D64C4-2987-4846-B6C6-D96A1A19BD67}.Release|x86.Build.0 = Release|Any CPU
		{2BAA829D-8BB1-4F39-B5A7-39EC6EFA13F2}.Debug|Any CPU.ActiveCfg = Debug|Any CPU
		{2BAA829D-8BB1-4F39-B5A7-39EC6EFA13F2}.Debug|Any CPU.Build.0 = Debug|Any CPU
		{2BAA829D-8BB1-4F39-B5A7-39EC6EFA13F2}.Debug|x64.ActiveCfg = Debug|Any CPU
		{2BAA829D-8BB1-4F39-B5A7-39EC6EFA13F2}.Debug|x64.Build.0 = Debug|Any CPU
		{2BAA829D-8BB1-4F39-B5A7-39EC6EFA13F2}.Debug|x86.ActiveCfg = Debug|Any CPU
		{2BAA829D-8BB1-4F39-B5A7-39EC6EFA13F2}.Debug|x86.Build.0 = Debug|Any CPU
		{2BAA829D-8BB1-4F39-B5A7-39EC6EFA13F2}.Release|Any CPU.ActiveCfg = Release|Any CPU
		{2BAA829D-8BB1-4F39-B5A7-39EC6EFA13F2}.Release|Any CPU.Build.0 = Release|Any CPU
		{2BAA829D-8BB1-4F39-B5A7-39EC6EFA13F2}.Release|x64.ActiveCfg = Release|Any CPU
		{2BAA829D-8BB1-4F39-B5A7-39EC6EFA13F2}.Release|x64.Build.0 = Release|Any CPU
		{2BAA829D-8BB1-4F39-B5A7-39EC6EFA13F2}.Release|x86.ActiveCfg = Release|Any CPU
		{2BAA829D-8BB1-4F39-B5A7-39EC6EFA13F2}.Release|x86.Build.0 = Release|Any CPU
		{EC828AAF-636A-4AD9-9220-1B161E808713}.Debug|Any CPU.ActiveCfg = Debug|Any CPU
		{EC828AAF-636A-4AD9-9220-1B161E808713}.Debug|Any CPU.Build.0 = Debug|Any CPU
		{EC828AAF-636A-4AD9-9220-1B161E808713}.Debug|x64.ActiveCfg = Debug|Any CPU
		{EC828AAF-636A-4AD9-9220-1B161E808713}.Debug|x64.Build.0 = Debug|Any CPU
		{EC828AAF-636A-4AD9-9220-1B161E808713}.Debug|x86.ActiveCfg = Debug|Any CPU
		{EC828AAF-636A-4AD9-9220-1B161E808713}.Debug|x86.Build.0 = Debug|Any CPU
		{EC828AAF-636A-4AD9-9220-1B161E808713}.Release|Any CPU.ActiveCfg = Release|Any CPU
		{EC828AAF-636A-4AD9-9220-1B161E808713}.Release|Any CPU.Build.0 = Release|Any CPU
		{EC828AAF-636A-4AD9-9220-1B161E808713}.Release|x64.ActiveCfg = Release|Any CPU
		{EC828AAF-636A-4AD9-9220-1B161E808713}.Release|x64.Build.0 = Release|Any CPU
		{EC828AAF-636A-4AD9-9220-1B161E808713}.Release|x86.ActiveCfg = Release|Any CPU
		{EC828AAF-636A-4AD9-9220-1B161E808713}.Release|x86.Build.0 = Release|Any CPU
		{AF132CAD-658C-444E-8B48-1EA2D14EB2A4}.Debug|Any CPU.ActiveCfg = Debug|Any CPU
		{AF132CAD-658C-444E-8B48-1EA2D14EB2A4}.Debug|Any CPU.Build.0 = Debug|Any CPU
		{AF132CAD-658C-444E-8B48-1EA2D14EB2A4}.Debug|x64.ActiveCfg = Debug|Any CPU
		{AF132CAD-658C-444E-8B48-1EA2D14EB2A4}.Debug|x64.Build.0 = Debug|Any CPU
		{AF132CAD-658C-444E-8B48-1EA2D14EB2A4}.Debug|x86.ActiveCfg = Debug|Any CPU
		{AF132CAD-658C-444E-8B48-1EA2D14EB2A4}.Debug|x86.Build.0 = Debug|Any CPU
		{AF132CAD-658C-444E-8B48-1EA2D14EB2A4}.Release|Any CPU.ActiveCfg = Release|Any CPU
		{AF132CAD-658C-444E-8B48-1EA2D14EB2A4}.Release|Any CPU.Build.0 = Release|Any CPU
		{AF132CAD-658C-444E-8B48-1EA2D14EB2A4}.Release|x64.ActiveCfg = Release|Any CPU
		{AF132CAD-658C-444E-8B48-1EA2D14EB2A4}.Release|x64.Build.0 = Release|Any CPU
		{AF132CAD-658C-444E-8B48-1EA2D14EB2A4}.Release|x86.ActiveCfg = Release|Any CPU
		{AF132CAD-658C-444E-8B48-1EA2D14EB2A4}.Release|x86.Build.0 = Release|Any CPU
		{85F74C39-3BA3-42B5-92BC-2633D0DC802E}.Debug|Any CPU.ActiveCfg = Debug|Any CPU
		{85F74C39-3BA3-42B5-92BC-2633D0DC802E}.Debug|Any CPU.Build.0 = Debug|Any CPU
		{85F74C39-3BA3-42B5-92BC-2633D0DC802E}.Debug|x64.ActiveCfg = Debug|Any CPU
		{85F74C39-3BA3-42B5-92BC-2633D0DC802E}.Debug|x64.Build.0 = Debug|Any CPU
		{85F74C39-3BA3-42B5-92BC-2633D0DC802E}.Debug|x86.ActiveCfg = Debug|Any CPU
		{85F74C39-3BA3-42B5-92BC-2633D0DC802E}.Debug|x86.Build.0 = Debug|Any CPU
		{85F74C39-3BA3-42B5-92BC-2633D0DC802E}.Release|Any CPU.ActiveCfg = Release|Any CPU
		{85F74C39-3BA3-42B5-92BC-2633D0DC802E}.Release|Any CPU.Build.0 = Release|Any CPU
		{85F74C39-3BA3-42B5-92BC-2633D0DC802E}.Release|x64.ActiveCfg = Release|Any CPU
		{85F74C39-3BA3-42B5-92BC-2633D0DC802E}.Release|x64.Build.0 = Release|Any CPU
		{85F74C39-3BA3-42B5-92BC-2633D0DC802E}.Release|x86.ActiveCfg = Release|Any CPU
		{85F74C39-3BA3-42B5-92BC-2633D0DC802E}.Release|x86.Build.0 = Release|Any CPU
	EndGlobalSection
	GlobalSection(SolutionProperties) = preSolution
		HideSolutionNode = FALSE
	EndGlobalSection
	GlobalSection(NestedProjects) = preSolution
		{90298CBA-BD6F-3A0A-69D5-97CAD7B05E7E} = {827E0CD3-B72D-47B6-A68D-7590B98EB39B}
		{06153566-148C-44C2-BA42-93DF4964604A} = {90298CBA-BD6F-3A0A-69D5-97CAD7B05E7E}
		{FFBE31B8-50B9-B415-22BC-2F92C97CADA3} = {827E0CD3-B72D-47B6-A68D-7590B98EB39B}
		{AFD86E03-BD6E-4770-9AE5-C7A274479629} = {FFBE31B8-50B9-B415-22BC-2F92C97CADA3}
		{0FAFE277-0FC2-4373-B1FF-768770AAC67E} = {FFBE31B8-50B9-B415-22BC-2F92C97CADA3}
		{984BB9B3-3FA3-BE33-9484-CAC21695A33C} = {827E0CD3-B72D-47B6-A68D-7590B98EB39B}
		{DF0AD99B-1A48-4EBB-66B4-4B1BAC47D226} = {984BB9B3-3FA3-BE33-9484-CAC21695A33C}
		{BA65F97F-4B81-4222-9C44-1FA6AF4BF54C} = {DF0AD99B-1A48-4EBB-66B4-4B1BAC47D226}
		{5D0AC027-C8EE-3244-A029-36278C99F1B8} = {984BB9B3-3FA3-BE33-9484-CAC21695A33C}
		{6D0215F5-13EC-4329-A877-86A1408D3831} = {5D0AC027-C8EE-3244-A029-36278C99F1B8}
		{C71ABA54-BA43-433F-AC24-7C1F0558EB49} = {0AB3BF05-4346-4AA6-1389-037BE0695223}
		{C593D93E-2421-4567-9549-ED57C776D525} = {0AB3BF05-4346-4AA6-1389-037BE0695223}
		{E83F60F4-5953-4E79-B016-3CA556763D95} = {0AB3BF05-4346-4AA6-1389-037BE0695223}
		{6306A8FB-679E-111F-6585-8F70E0EE6013} = {827E0CD3-B72D-47B6-A68D-7590B98EB39B}
		{D6DDB126-DFCA-4BFF-BB02-BE58842ADBC6} = {6306A8FB-679E-111F-6585-8F70E0EE6013}
		{DF9493B9-42B7-4188-8611-64738834C053} = {6306A8FB-679E-111F-6585-8F70E0EE6013}
		{FC001968-48D2-4387-B6C0-3DE4CC91154B} = {90298CBA-BD6F-3A0A-69D5-97CAD7B05E7E}
		{76CE6CDD-7C44-4AD7-96C8-99F2F5E5564C} = {90298CBA-BD6F-3A0A-69D5-97CAD7B05E7E}
		{676D64C4-2987-4846-B6C6-D96A1A19BD67} = {90298CBA-BD6F-3A0A-69D5-97CAD7B05E7E}
		{2BAA829D-8BB1-4F39-B5A7-39EC6EFA13F2} = {90298CBA-BD6F-3A0A-69D5-97CAD7B05E7E}
		{EC828AAF-636A-4AD9-9220-1B161E808713} = {90298CBA-BD6F-3A0A-69D5-97CAD7B05E7E}
		{AF132CAD-658C-444E-8B48-1EA2D14EB2A4} = {984BB9B3-3FA3-BE33-9484-CAC21695A33C}
		{85F74C39-3BA3-42B5-92BC-2633D0DC802E} = {0AB3BF05-4346-4AA6-1389-037BE0695223}
	EndGlobalSection
EndGlobal
